
Microsoft Visual Studio Solution File, Format Version 12.00
# Visual Studio 15
VisualStudioVersion = 15.0.27703.2042
MinimumVisualStudioVersion = 10.0.40219.1
Project("{FAE04EC0-301F-11D3-BF4B-00C04F79EFBC}") = "01RegisterCustomerPortal", "01RegisterCustomerPortal\01RegisterCustomerPortal.csproj", "{671AFF0C-3351-47D0-9475-13ED983F59C1}"
EndProject
Global
	GlobalSection(SolutionConfigurationPlatforms) = preSolution
		Debug|Any CPU = Debug|Any CPU
		Release|Any CPU = Release|Any CPU
	EndGlobalSection
	GlobalSection(ProjectConfigurationPlatforms) = postSolution
		{671AFF0C-3351-47D0-9475-13ED983F59C1}.Debug|Any CPU.ActiveCfg = Debug|Any CPU
		{671AFF0C-3351-47D0-9475-13ED983F59C1}.Debug|Any CPU.Build.0 = Debug|Any CPU
		{671AFF0C-3351-47D0-9475-13ED983F59C1}.Release|Any CPU.ActiveCfg = Release|Any CPU
		{671AFF0C-3351-47D0-9475-13ED983F59C1}.Release|Any CPU.Build.0 = Release|Any CPU
	EndGlobalSection
	GlobalSection(SolutionProperties) = preSolution
		HideSolutionNode = FALSE
	EndGlobalSection
	GlobalSection(ExtensibilityGlobals) = postSolution
		SolutionGuid = {28012A32-3120-4DCC-BCA2-6CE7DAC7DBC5}
	EndGlobalSection
EndGlobal
